// !$*UTF8*$!
{
	archiveVersion = 1;
	classes = {
	};
	objectVersion = 50;
	objects = {

/* Begin PBXBuildFile section */
		F402028424F8EC7D007D5C93 /* main.swift in Sources */ = {isa = PBXBuildFile; fileRef = F402028324F8EC7D007D5C93 /* main.swift */; };
		F402028924F8ED02007D5C93 /* Node.swift in Sources */ = {isa = PBXBuildFile; fileRef = F402028824F8ED02007D5C93 /* Node.swift */; };
		F402028B24F8ED1C007D5C93 /* LinkedList.swift in Sources */ = {isa = PBXBuildFile; fileRef = F402028A24F8ED1C007D5C93 /* LinkedList.swift */; };
		F41765CB24CFC20F00C1F092 /* main.swift in Sources */ = {isa = PBXBuildFile; fileRef = F41765CA24CFC20F00C1F092 /* main.swift */; };
		F426416B24FDE46A00A0C341 /* main.swift in Sources */ = {isa = PBXBuildFile; fileRef = F426416A24FDE46A00A0C341 /* main.swift */; };
		F426417024FDE47D00A0C341 /* Queue.swift in Sources */ = {isa = PBXBuildFile; fileRef = F426416F24FDE47D00A0C341 /* Queue.swift */; };
		F426417224FDE5F000A0C341 /* Node.swift in Sources */ = {isa = PBXBuildFile; fileRef = F426417124FDE5F000A0C341 /* Node.swift */; };
		F465E7DB25008389009E75D0 /* main.swift in Sources */ = {isa = PBXBuildFile; fileRef = F465E7DA25008389009E75D0 /* main.swift */; };
		F465E7E2250083E1009E75D0 /* Node.swift in Sources */ = {isa = PBXBuildFile; fileRef = F465E7DF250083E1009E75D0 /* Node.swift */; };
		F465E7E3250083E1009E75D0 /* LinkedList.swift in Sources */ = {isa = PBXBuildFile; fileRef = F465E7E0250083E1009E75D0 /* LinkedList.swift */; };
		F465E7E4250083E1009E75D0 /* Queue.swift in Sources */ = {isa = PBXBuildFile; fileRef = F465E7E1250083E1009E75D0 /* Queue.swift */; };
		F47A384524F7A97E0086D350 /* Node.swift in Sources */ = {isa = PBXBuildFile; fileRef = F47A384424F7A97E0086D350 /* Node.swift */; };
		F47A384724F7A9F40086D350 /* LinkedList.swift in Sources */ = {isa = PBXBuildFile; fileRef = F47A384624F7A9F40086D350 /* LinkedList.swift */; };
		F486A66125072EB000C5480C /* BiTree.swift in Sources */ = {isa = PBXBuildFile; fileRef = F486A66025072EB000C5480C /* BiTree.swift */; };
		F486A6692507790B00C5480C /* Stack.swift in Sources */ = {isa = PBXBuildFile; fileRef = F486A6682507790B00C5480C /* Stack.swift */; };
		F48FFE5F2501D5810052ED55 /* main.swift in Sources */ = {isa = PBXBuildFile; fileRef = F48FFE5E2501D5810052ED55 /* main.swift */; };
		F48FFE642501D64D0052ED55 /* Node.swift in Sources */ = {isa = PBXBuildFile; fileRef = F48FFE632501D64D0052ED55 /* Node.swift */; };
		F4B8FA4C24FF62740015ADA3 /* main.swift in Sources */ = {isa = PBXBuildFile; fileRef = F4B8FA4B24FF62740015ADA3 /* main.swift */; };
		F4B8FA5324FF79AC0015ADA3 /* CustomArray.swift in Sources */ = {isa = PBXBuildFile; fileRef = F4B8FA5224FF79AC0015ADA3 /* CustomArray.swift */; };
		F4B8FA5524FF972E0015ADA3 /* LinkedList.swift in Sources */ = {isa = PBXBuildFile; fileRef = F4B8FA5424FF972E0015ADA3 /* LinkedList.swift */; };
		F4BC658024F6BF610047E6EA /* main.swift in Sources */ = {isa = PBXBuildFile; fileRef = F4BC657F24F6BF610047E6EA /* main.swift */; };
		F4BDCD6024FCA3230018FC08 /* main.swift in Sources */ = {isa = PBXBuildFile; fileRef = F4BDCD5F24FCA3230018FC08 /* main.swift */; };
		F4BDCD6424FCA33B0018FC08 /* LinkedList.swift in Sources */ = {isa = PBXBuildFile; fileRef = F402027624F8AEBD007D5C93 /* LinkedList.swift */; };
		F4BDCD6524FCA33B0018FC08 /* Node.swift in Sources */ = {isa = PBXBuildFile; fileRef = F402027824F8AF05007D5C93 /* Node.swift */; };
		F4C7F2C62505D2EA00E1630A /* main.swift in Sources */ = {isa = PBXBuildFile; fileRef = F4C7F2C52505D2EA00E1630A /* main.swift */; };
		F4C7F2CB2505D39E00E1630A /* Node.swift in Sources */ = {isa = PBXBuildFile; fileRef = F4C7F2CA2505D39E00E1630A /* Node.swift */; };
		F4CCB51724E11FF800091382 /* main.swift in Sources */ = {isa = PBXBuildFile; fileRef = F4CCB51624E11FF800091382 /* main.swift */; };
		F4CCB51C24E1200C00091382 /* Node.swift in Sources */ = {isa = PBXBuildFile; fileRef = F4CCB51B24E1200C00091382 /* Node.swift */; };
		F4CCB51E24E120D000091382 /* LinkedList.swift in Sources */ = {isa = PBXBuildFile; fileRef = F4CCB51D24E120D000091382 /* LinkedList.swift */; };
		F4EA8D5124CFB6B400B232E9 /* main.swift in Sources */ = {isa = PBXBuildFile; fileRef = F4EA8D5024CFB6B400B232E9 /* main.swift */; };
		F4EB30F424FDD4F600168088 /* main.swift in Sources */ = {isa = PBXBuildFile; fileRef = F4EB30F324FDD4F600168088 /* main.swift */; };
		F4EB30F924FDD50600168088 /* Stack.swift in Sources */ = {isa = PBXBuildFile; fileRef = F4EB30F824FDD50600168088 /* Stack.swift */; };
/* End PBXBuildFile section */

/* Begin PBXCopyFilesBuildPhase section */
		F402027F24F8EC7D007D5C93 /* CopyFiles */ = {
			isa = PBXCopyFilesBuildPhase;
			buildActionMask = 2147483647;
			dstPath = /usr/share/man/man1/;
			dstSubfolderSpec = 0;
			files = (
			);
			runOnlyForDeploymentPostprocessing = 1;
		};
		F41765C624CFC20F00C1F092 /* CopyFiles */ = {
			isa = PBXCopyFilesBuildPhase;
			buildActionMask = 2147483647;
			dstPath = /usr/share/man/man1/;
			dstSubfolderSpec = 0;
			files = (
			);
			runOnlyForDeploymentPostprocessing = 1;
		};
		F426416624FDE46A00A0C341 /* CopyFiles */ = {
			isa = PBXCopyFilesBuildPhase;
			buildActionMask = 2147483647;
			dstPath = /usr/share/man/man1/;
			dstSubfolderSpec = 0;
			files = (
			);
			runOnlyForDeploymentPostprocessing = 1;
		};
		F465E7CB2500834D009E75D0 /* CopyFiles */ = {
			isa = PBXCopyFilesBuildPhase;
			buildActionMask = 2147483647;
			dstPath = /usr/share/man/man1/;
			dstSubfolderSpec = 0;
			files = (
			);
			runOnlyForDeploymentPostprocessing = 1;
		};
		F465E7D625008389009E75D0 /* CopyFiles */ = {
			isa = PBXCopyFilesBuildPhase;
			buildActionMask = 2147483647;
			dstPath = /usr/share/man/man1/;
			dstSubfolderSpec = 0;
			files = (
			);
			runOnlyForDeploymentPostprocessing = 1;
		};
		F48FFE5A2501D5810052ED55 /* CopyFiles */ = {
			isa = PBXCopyFilesBuildPhase;
			buildActionMask = 2147483647;
			dstPath = /usr/share/man/man1/;
			dstSubfolderSpec = 0;
			files = (
			);
			runOnlyForDeploymentPostprocessing = 1;
		};
		F4B8FA4724FF62740015ADA3 /* CopyFiles */ = {
			isa = PBXCopyFilesBuildPhase;
			buildActionMask = 2147483647;
			dstPath = /usr/share/man/man1/;
			dstSubfolderSpec = 0;
			files = (
			);
			runOnlyForDeploymentPostprocessing = 1;
		};
		F4BC657B24F6BF610047E6EA /* CopyFiles */ = {
			isa = PBXCopyFilesBuildPhase;
			buildActionMask = 2147483647;
			dstPath = /usr/share/man/man1/;
			dstSubfolderSpec = 0;
			files = (
			);
			runOnlyForDeploymentPostprocessing = 1;
		};
		F4BDCD5B24FCA3220018FC08 /* CopyFiles */ = {
			isa = PBXCopyFilesBuildPhase;
			buildActionMask = 2147483647;
			dstPath = /usr/share/man/man1/;
			dstSubfolderSpec = 0;
			files = (
			);
			runOnlyForDeploymentPostprocessing = 1;
		};
		F4C7F2C12505D2EA00E1630A /* CopyFiles */ = {
			isa = PBXCopyFilesBuildPhase;
			buildActionMask = 2147483647;
			dstPath = /usr/share/man/man1/;
			dstSubfolderSpec = 0;
			files = (
			);
			runOnlyForDeploymentPostprocessing = 1;
		};
		F4CCB51224E11FF800091382 /* CopyFiles */ = {
			isa = PBXCopyFilesBuildPhase;
			buildActionMask = 2147483647;
			dstPath = /usr/share/man/man1/;
			dstSubfolderSpec = 0;
			files = (
			);
			runOnlyForDeploymentPostprocessing = 1;
		};
		F4EA8D4B24CFB6B400B232E9 /* CopyFiles */ = {
			isa = PBXCopyFilesBuildPhase;
			buildActionMask = 2147483647;
			dstPath = /usr/share/man/man1/;
			dstSubfolderSpec = 0;
			files = (
			);
			runOnlyForDeploymentPostprocessing = 1;
		};
		F4EB30EF24FDD4F600168088 /* CopyFiles */ = {
			isa = PBXCopyFilesBuildPhase;
			buildActionMask = 2147483647;
			dstPath = /usr/share/man/man1/;
			dstSubfolderSpec = 0;
			files = (
			);
			runOnlyForDeploymentPostprocessing = 1;
		};
/* End PBXCopyFilesBuildPhase section */

/* Begin PBXFileReference section */
		F402027624F8AEBD007D5C93 /* LinkedList.swift */ = {isa = PBXFileReference; lastKnownFileType = sourcecode.swift; path = LinkedList.swift; sourceTree = "<group>"; };
		F402027824F8AF05007D5C93 /* Node.swift */ = {isa = PBXFileReference; lastKnownFileType = sourcecode.swift; path = Node.swift; sourceTree = "<group>"; };
		F402027C24F8E672007D5C93 /* todo.md */ = {isa = PBXFileReference; lastKnownFileType = net.daringfireball.markdown; path = todo.md; sourceTree = "<group>"; };
		F402028124F8EC7D007D5C93 /* 双向循环链表 */ = {isa = PBXFileReference; explicitFileType = "compiled.mach-o.executable"; includeInIndex = 0; path = "双向循环链表"; sourceTree = BUILT_PRODUCTS_DIR; };
		F402028324F8EC7D007D5C93 /* main.swift */ = {isa = PBXFileReference; lastKnownFileType = sourcecode.swift; path = main.swift; sourceTree = "<group>"; };
		F402028824F8ED02007D5C93 /* Node.swift */ = {isa = PBXFileReference; lastKnownFileType = sourcecode.swift; path = Node.swift; sourceTree = "<group>"; };
		F402028A24F8ED1C007D5C93 /* LinkedList.swift */ = {isa = PBXFileReference; lastKnownFileType = sourcecode.swift; path = LinkedList.swift; sourceTree = "<group>"; };
		F41765C824CFC20F00C1F092 /* Fibonacci */ = {isa = PBXFileReference; explicitFileType = "compiled.mach-o.executable"; includeInIndex = 0; path = Fibonacci; sourceTree = BUILT_PRODUCTS_DIR; };
		F41765CA24CFC20F00C1F092 /* main.swift */ = {isa = PBXFileReference; lastKnownFileType = sourcecode.swift; path = main.swift; sourceTree = "<group>"; };
		F426416824FDE46A00A0C341 /* 队列 */ = {isa = PBXFileReference; explicitFileType = "compiled.mach-o.executable"; includeInIndex = 0; path = "队列"; sourceTree = BUILT_PRODUCTS_DIR; };
		F426416A24FDE46A00A0C341 /* main.swift */ = {isa = PBXFileReference; lastKnownFileType = sourcecode.swift; path = main.swift; sourceTree = "<group>"; };
		F426416F24FDE47D00A0C341 /* Queue.swift */ = {isa = PBXFileReference; lastKnownFileType = sourcecode.swift; path = Queue.swift; sourceTree = "<group>"; };
		F426417124FDE5F000A0C341 /* Node.swift */ = {isa = PBXFileReference; lastKnownFileType = sourcecode.swift; path = Node.swift; sourceTree = "<group>"; };
		F465E7CD2500834D009E75D0 /* 双向队列 */ = {isa = PBXFileReference; explicitFileType = "compiled.mach-o.executable"; includeInIndex = 0; path = "双向队列"; sourceTree = BUILT_PRODUCTS_DIR; };
		F465E7D825008389009E75D0 /* 双端队列 */ = {isa = PBXFileReference; explicitFileType = "compiled.mach-o.executable"; includeInIndex = 0; path = "双端队列"; sourceTree = BUILT_PRODUCTS_DIR; };
		F465E7DA25008389009E75D0 /* main.swift */ = {isa = PBXFileReference; lastKnownFileType = sourcecode.swift; path = main.swift; sourceTree = "<group>"; };
		F465E7DF250083E1009E75D0 /* Node.swift */ = {isa = PBXFileReference; fileEncoding = 4; lastKnownFileType = sourcecode.swift; path = Node.swift; sourceTree = "<group>"; };
		F465E7E0250083E1009E75D0 /* LinkedList.swift */ = {isa = PBXFileReference; fileEncoding = 4; lastKnownFileType = sourcecode.swift; path = LinkedList.swift; sourceTree = "<group>"; };
		F465E7E1250083E1009E75D0 /* Queue.swift */ = {isa = PBXFileReference; fileEncoding = 4; lastKnownFileType = sourcecode.swift; path = Queue.swift; sourceTree = "<group>"; };
		F47A384424F7A97E0086D350 /* Node.swift */ = {isa = PBXFileReference; lastKnownFileType = sourcecode.swift; path = Node.swift; sourceTree = "<group>"; };
		F47A384624F7A9F40086D350 /* LinkedList.swift */ = {isa = PBXFileReference; lastKnownFileType = sourcecode.swift; path = LinkedList.swift; sourceTree = "<group>"; };
		F486A66025072EB000C5480C /* BiTree.swift */ = {isa = PBXFileReference; lastKnownFileType = sourcecode.swift; path = BiTree.swift; sourceTree = "<group>"; };
		F486A6682507790B00C5480C /* Stack.swift */ = {isa = PBXFileReference; lastKnownFileType = sourcecode.swift; path = Stack.swift; sourceTree = "<group>"; };
		F48FFE5C2501D5810052ED55 /* 搜索二叉树 */ = {isa = PBXFileReference; explicitFileType = "compiled.mach-o.executable"; includeInIndex = 0; path = "搜索二叉树"; sourceTree = BUILT_PRODUCTS_DIR; };
		F48FFE5E2501D5810052ED55 /* main.swift */ = {isa = PBXFileReference; lastKnownFileType = sourcecode.swift; path = main.swift; sourceTree = "<group>"; };
		F48FFE632501D64D0052ED55 /* Node.swift */ = {isa = PBXFileReference; lastKnownFileType = sourcecode.swift; path = Node.swift; sourceTree = "<group>"; };
		F4B8FA4924FF62740015ADA3 /* 数组 */ = {isa = PBXFileReference; explicitFileType = "compiled.mach-o.executable"; includeInIndex = 0; path = "数组"; sourceTree = BUILT_PRODUCTS_DIR; };
		F4B8FA4B24FF62740015ADA3 /* main.swift */ = {isa = PBXFileReference; lastKnownFileType = sourcecode.swift; path = main.swift; sourceTree = "<group>"; };
		F4B8FA5224FF79AC0015ADA3 /* CustomArray.swift */ = {isa = PBXFileReference; lastKnownFileType = sourcecode.swift; path = CustomArray.swift; sourceTree = "<group>"; };
		F4B8FA5424FF972E0015ADA3 /* LinkedList.swift */ = {isa = PBXFileReference; lastKnownFileType = sourcecode.swift; path = LinkedList.swift; sourceTree = "<group>"; };
		F4BC657D24F6BF610047E6EA /* 双向链表 */ = {isa = PBXFileReference; explicitFileType = "compiled.mach-o.executable"; includeInIndex = 0; path = "双向链表"; sourceTree = BUILT_PRODUCTS_DIR; };
		F4BC657F24F6BF610047E6EA /* main.swift */ = {isa = PBXFileReference; lastKnownFileType = sourcecode.swift; path = main.swift; sourceTree = "<group>"; };
		F4BDCD5D24FCA3220018FC08 /* 单向循环链表 */ = {isa = PBXFileReference; explicitFileType = "compiled.mach-o.executable"; includeInIndex = 0; path = "单向循环链表"; sourceTree = BUILT_PRODUCTS_DIR; };
		F4BDCD5F24FCA3230018FC08 /* main.swift */ = {isa = PBXFileReference; lastKnownFileType = sourcecode.swift; path = main.swift; sourceTree = "<group>"; };
		F4C7F2C32505D2EA00E1630A /* 二叉树 */ = {isa = PBXFileReference; explicitFileType = "compiled.mach-o.executable"; includeInIndex = 0; path = "二叉树"; sourceTree = BUILT_PRODUCTS_DIR; };
		F4C7F2C52505D2EA00E1630A /* main.swift */ = {isa = PBXFileReference; lastKnownFileType = sourcecode.swift; path = main.swift; sourceTree = "<group>"; };
		F4C7F2CA2505D39E00E1630A /* Node.swift */ = {isa = PBXFileReference; lastKnownFileType = sourcecode.swift; path = Node.swift; sourceTree = "<group>"; };
		F4CCB51424E11FF800091382 /* LinkeList */ = {isa = PBXFileReference; explicitFileType = "compiled.mach-o.executable"; includeInIndex = 0; path = LinkeList; sourceTree = BUILT_PRODUCTS_DIR; };
		F4CCB51624E11FF800091382 /* main.swift */ = {isa = PBXFileReference; lastKnownFileType = sourcecode.swift; path = main.swift; sourceTree = "<group>"; };
		F4CCB51B24E1200C00091382 /* Node.swift */ = {isa = PBXFileReference; lastKnownFileType = sourcecode.swift; path = Node.swift; sourceTree = "<group>"; };
		F4CCB51D24E120D000091382 /* LinkedList.swift */ = {isa = PBXFileReference; lastKnownFileType = sourcecode.swift; path = LinkedList.swift; sourceTree = "<group>"; };
		F4EA8D4D24CFB6B400B232E9 /* 数据结构-codes-swift */ = {isa = PBXFileReference; explicitFileType = "compiled.mach-o.executable"; includeInIndex = 0; path = "数据结构-codes-swift"; sourceTree = BUILT_PRODUCTS_DIR; };
		F4EA8D5024CFB6B400B232E9 /* main.swift */ = {isa = PBXFileReference; lastKnownFileType = sourcecode.swift; path = main.swift; sourceTree = "<group>"; };
		F4EB30F124FDD4F600168088 /* 栈 */ = {isa = PBXFileReference; explicitFileType = "compiled.mach-o.executable"; includeInIndex = 0; path = "栈"; sourceTree = BUILT_PRODUCTS_DIR; };
		F4EB30F324FDD4F600168088 /* main.swift */ = {isa = PBXFileReference; lastKnownFileType = sourcecode.swift; path = main.swift; sourceTree = "<group>"; };
		F4EB30F824FDD50600168088 /* Stack.swift */ = {isa = PBXFileReference; lastKnownFileType = sourcecode.swift; path = Stack.swift; sourceTree = "<group>"; };
/* End PBXFileReference section */

/* Begin PBXFrameworksBuildPhase section */
		F402027E24F8EC7D007D5C93 /* Frameworks */ = {
			isa = PBXFrameworksBuildPhase;
			buildActionMask = 2147483647;
			files = (
			);
			runOnlyForDeploymentPostprocessing = 0;
		};
		F41765C524CFC20F00C1F092 /* Frameworks */ = {
			isa = PBXFrameworksBuildPhase;
			buildActionMask = 2147483647;
			files = (
			);
			runOnlyForDeploymentPostprocessing = 0;
		};
		F426416524FDE46A00A0C341 /* Frameworks */ = {
			isa = PBXFrameworksBuildPhase;
			buildActionMask = 2147483647;
			files = (
			);
			runOnlyForDeploymentPostprocessing = 0;
		};
		F465E7CA2500834D009E75D0 /* Frameworks */ = {
			isa = PBXFrameworksBuildPhase;
			buildActionMask = 2147483647;
			files = (
			);
			runOnlyForDeploymentPostprocessing = 0;
		};
		F465E7D525008389009E75D0 /* Frameworks */ = {
			isa = PBXFrameworksBuildPhase;
			buildActionMask = 2147483647;
			files = (
			);
			runOnlyForDeploymentPostprocessing = 0;
		};
		F48FFE592501D5810052ED55 /* Frameworks */ = {
			isa = PBXFrameworksBuildPhase;
			buildActionMask = 2147483647;
			files = (
			);
			runOnlyForDeploymentPostprocessing = 0;
		};
		F4B8FA4624FF62740015ADA3 /* Frameworks */ = {
			isa = PBXFrameworksBuildPhase;
			buildActionMask = 2147483647;
			files = (
			);
			runOnlyForDeploymentPostprocessing = 0;
		};
		F4BC657A24F6BF610047E6EA /* Frameworks */ = {
			isa = PBXFrameworksBuildPhase;
			buildActionMask = 2147483647;
			files = (
			);
			runOnlyForDeploymentPostprocessing = 0;
		};
		F4BDCD5A24FCA3220018FC08 /* Frameworks */ = {
			isa = PBXFrameworksBuildPhase;
			buildActionMask = 2147483647;
			files = (
			);
			runOnlyForDeploymentPostprocessing = 0;
		};
		F4C7F2C02505D2EA00E1630A /* Frameworks */ = {
			isa = PBXFrameworksBuildPhase;
			buildActionMask = 2147483647;
			files = (
			);
			runOnlyForDeploymentPostprocessing = 0;
		};
		F4CCB51124E11FF800091382 /* Frameworks */ = {
			isa = PBXFrameworksBuildPhase;
			buildActionMask = 2147483647;
			files = (
			);
			runOnlyForDeploymentPostprocessing = 0;
		};
		F4EA8D4A24CFB6B400B232E9 /* Frameworks */ = {
			isa = PBXFrameworksBuildPhase;
			buildActionMask = 2147483647;
			files = (
			);
			runOnlyForDeploymentPostprocessing = 0;
		};
		F4EB30EE24FDD4F600168088 /* Frameworks */ = {
			isa = PBXFrameworksBuildPhase;
			buildActionMask = 2147483647;
			files = (
			);
			runOnlyForDeploymentPostprocessing = 0;
		};
/* End PBXFrameworksBuildPhase section */

/* Begin PBXGroup section */
		F402028224F8EC7D007D5C93 /* 双向循环链表 */ = {
			isa = PBXGroup;
			children = (
				F402028324F8EC7D007D5C93 /* main.swift */,
				F402028824F8ED02007D5C93 /* Node.swift */,
				F402028A24F8ED1C007D5C93 /* LinkedList.swift */,
			);
			path = "双向循环链表";
			sourceTree = "<group>";
		};
		F41765C924CFC20F00C1F092 /* Fibonacci */ = {
			isa = PBXGroup;
			children = (
				F41765CA24CFC20F00C1F092 /* main.swift */,
			);
			path = Fibonacci;
			sourceTree = "<group>";
		};
		F426416924FDE46A00A0C341 /* 队列 */ = {
			isa = PBXGroup;
			children = (
				F426416A24FDE46A00A0C341 /* main.swift */,
				F426416F24FDE47D00A0C341 /* Queue.swift */,
				F426417124FDE5F000A0C341 /* Node.swift */,
				F4B8FA5424FF972E0015ADA3 /* LinkedList.swift */,
			);
			path = "队列";
			sourceTree = "<group>";
		};
		F465E7D925008389009E75D0 /* 双端队列 */ = {
			isa = PBXGroup;
			children = (
				F465E7DA25008389009E75D0 /* main.swift */,
				F465E7E0250083E1009E75D0 /* LinkedList.swift */,
				F465E7DF250083E1009E75D0 /* Node.swift */,
				F465E7E1250083E1009E75D0 /* Queue.swift */,
			);
			path = "双端队列";
			sourceTree = "<group>";
		};
		F48FFE5D2501D5810052ED55 /* 搜索二叉树 */ = {
			isa = PBXGroup;
			children = (
				F48FFE5E2501D5810052ED55 /* main.swift */,
				F48FFE632501D64D0052ED55 /* Node.swift */,
			);
			path = "搜索二叉树";
			sourceTree = "<group>";
		};
		F4B8FA4A24FF62740015ADA3 /* 数组 */ = {
			isa = PBXGroup;
			children = (
				F4B8FA4B24FF62740015ADA3 /* main.swift */,
				F4B8FA5224FF79AC0015ADA3 /* CustomArray.swift */,
			);
			path = "数组";
			sourceTree = "<group>";
		};
		F4BC657E24F6BF610047E6EA /* 双向链表 */ = {
			isa = PBXGroup;
			children = (
				F4BC657F24F6BF610047E6EA /* main.swift */,
				F47A384424F7A97E0086D350 /* Node.swift */,
				F47A384624F7A9F40086D350 /* LinkedList.swift */,
			);
			path = "双向链表";
			sourceTree = "<group>";
		};
		F4BDCD5E24FCA3230018FC08 /* 单向循环链表 */ = {
			isa = PBXGroup;
			children = (
				F402027824F8AF05007D5C93 /* Node.swift */,
				F402027624F8AEBD007D5C93 /* LinkedList.swift */,
				F4BDCD5F24FCA3230018FC08 /* main.swift */,
			);
			path = "单向循环链表";
			sourceTree = "<group>";
		};
		F4C7F2C42505D2EA00E1630A /* 二叉树 */ = {
			isa = PBXGroup;
			children = (
				F4C7F2C52505D2EA00E1630A /* main.swift */,
				F4C7F2CA2505D39E00E1630A /* Node.swift */,
				F486A66025072EB000C5480C /* BiTree.swift */,
				F486A6682507790B00C5480C /* Stack.swift */,
			);
			path = "二叉树";
			sourceTree = "<group>";
		};
		F4CCB51524E11FF800091382 /* LinkeList */ = {
			isa = PBXGroup;
			children = (
				F4CCB51624E11FF800091382 /* main.swift */,
				F4CCB51B24E1200C00091382 /* Node.swift */,
				F4CCB51D24E120D000091382 /* LinkedList.swift */,
			);
			path = LinkeList;
			sourceTree = "<group>";
		};
		F4EA8D4424CFB6B400B232E9 = {
			isa = PBXGroup;
			children = (
				F4EA8D4F24CFB6B400B232E9 /* 数据结构-codes-swift */,
				F4BC657E24F6BF610047E6EA /* 双向链表 */,
				F402028224F8EC7D007D5C93 /* 双向循环链表 */,
				F41765C924CFC20F00C1F092 /* Fibonacci */,
				F4CCB51524E11FF800091382 /* LinkeList */,
				F4BDCD5E24FCA3230018FC08 /* 单向循环链表 */,
				F4EB30F224FDD4F600168088 /* 栈 */,
				F426416924FDE46A00A0C341 /* 队列 */,
				F465E7D925008389009E75D0 /* 双端队列 */,
				F4B8FA4A24FF62740015ADA3 /* 数组 */,
				F48FFE5D2501D5810052ED55 /* 搜索二叉树 */,
				F4C7F2C42505D2EA00E1630A /* 二叉树 */,
				F4EA8D4E24CFB6B400B232E9 /* Products */,
				F402027C24F8E672007D5C93 /* todo.md */,
			);
			sourceTree = "<group>";
		};
		F4EA8D4E24CFB6B400B232E9 /* Products */ = {
			isa = PBXGroup;
			children = (
				F4EA8D4D24CFB6B400B232E9 /* 数据结构-codes-swift */,
				F41765C824CFC20F00C1F092 /* Fibonacci */,
				F4CCB51424E11FF800091382 /* LinkeList */,
				F4BC657D24F6BF610047E6EA /* 双向链表 */,
				F402028124F8EC7D007D5C93 /* 双向循环链表 */,
				F4BDCD5D24FCA3220018FC08 /* 单向循环链表 */,
				F4EB30F124FDD4F600168088 /* 栈 */,
				F426416824FDE46A00A0C341 /* 队列 */,
				F4B8FA4924FF62740015ADA3 /* 数组 */,
				F465E7CD2500834D009E75D0 /* 双向队列 */,
				F465E7D825008389009E75D0 /* 双端队列 */,
				F48FFE5C2501D5810052ED55 /* 搜索二叉树 */,
				F4C7F2C32505D2EA00E1630A /* 二叉树 */,
			);
			name = Products;
			sourceTree = "<group>";
		};
		F4EA8D4F24CFB6B400B232E9 /* 数据结构-codes-swift */ = {
			isa = PBXGroup;
			children = (
				F4EA8D5024CFB6B400B232E9 /* main.swift */,
			);
			path = "数据结构-codes-swift";
			sourceTree = "<group>";
		};
		F4EB30F224FDD4F600168088 /* 栈 */ = {
			isa = PBXGroup;
			children = (
				F4EB30F324FDD4F600168088 /* main.swift */,
				F4EB30F824FDD50600168088 /* Stack.swift */,
			);
			path = "栈";
			sourceTree = "<group>";
		};
/* End PBXGroup section */

/* Begin PBXNativeTarget section */
		F402028024F8EC7D007D5C93 /* 双向循环链表 */ = {
			isa = PBXNativeTarget;
			buildConfigurationList = F402028524F8EC7D007D5C93 /* Build configuration list for PBXNativeTarget "双向循环链表" */;
			buildPhases = (
				F402027D24F8EC7D007D5C93 /* Sources */,
				F402027E24F8EC7D007D5C93 /* Frameworks */,
				F402027F24F8EC7D007D5C93 /* CopyFiles */,
			);
			buildRules = (
			);
			dependencies = (
			);
			name = "双向循环链表";
			productName = "双向循环链表";
			productReference = F402028124F8EC7D007D5C93 /* 双向循环链表 */;
			productType = "com.apple.product-type.tool";
		};
		F41765C724CFC20F00C1F092 /* Fibonacci */ = {
			isa = PBXNativeTarget;
			buildConfigurationList = F41765CE24CFC20F00C1F092 /* Build configuration list for PBXNativeTarget "Fibonacci" */;
			buildPhases = (
				F41765C424CFC20F00C1F092 /* Sources */,
				F41765C524CFC20F00C1F092 /* Frameworks */,
				F41765C624CFC20F00C1F092 /* CopyFiles */,
			);
			buildRules = (
			);
			dependencies = (
			);
			name = Fibonacci;
			productName = Fibonacci;
			productReference = F41765C824CFC20F00C1F092 /* Fibonacci */;
			productType = "com.apple.product-type.tool";
		};
		F426416724FDE46A00A0C341 /* 队列 */ = {
			isa = PBXNativeTarget;
			buildConfigurationList = F426416E24FDE46A00A0C341 /* Build configuration list for PBXNativeTarget "队列" */;
			buildPhases = (
				F426416424FDE46A00A0C341 /* Sources */,
				F426416524FDE46A00A0C341 /* Frameworks */,
				F426416624FDE46A00A0C341 /* CopyFiles */,
			);
			buildRules = (
			);
			dependencies = (
			);
			name = "队列";
			productName = "队列";
			productReference = F426416824FDE46A00A0C341 /* 队列 */;
			productType = "com.apple.product-type.tool";
		};
		F465E7CC2500834D009E75D0 /* 双向队列 */ = {
			isa = PBXNativeTarget;
			buildConfigurationList = F465E7D32500834E009E75D0 /* Build configuration list for PBXNativeTarget "双向队列" */;
			buildPhases = (
				F465E7C92500834D009E75D0 /* Sources */,
				F465E7CA2500834D009E75D0 /* Frameworks */,
				F465E7CB2500834D009E75D0 /* CopyFiles */,
			);
			buildRules = (
			);
			dependencies = (
			);
			name = "双向队列";
			productName = "双向队列";
			productReference = F465E7CD2500834D009E75D0 /* 双向队列 */;
			productType = "com.apple.product-type.tool";
		};
		F465E7D725008389009E75D0 /* 双端队列 */ = {
			isa = PBXNativeTarget;
			buildConfigurationList = F465E7DC25008389009E75D0 /* Build configuration list for PBXNativeTarget "双端队列" */;
			buildPhases = (
				F465E7D425008389009E75D0 /* Sources */,
				F465E7D525008389009E75D0 /* Frameworks */,
				F465E7D625008389009E75D0 /* CopyFiles */,
			);
			buildRules = (
			);
			dependencies = (
			);
			name = "双端队列";
			productName = "双端队列";
			productReference = F465E7D825008389009E75D0 /* 双端队列 */;
			productType = "com.apple.product-type.tool";
		};
		F48FFE5B2501D5810052ED55 /* 搜索二叉树 */ = {
			isa = PBXNativeTarget;
			buildConfigurationList = F48FFE622501D5810052ED55 /* Build configuration list for PBXNativeTarget "搜索二叉树" */;
			buildPhases = (
				F48FFE582501D5810052ED55 /* Sources */,
				F48FFE592501D5810052ED55 /* Frameworks */,
				F48FFE5A2501D5810052ED55 /* CopyFiles */,
			);
			buildRules = (
			);
			dependencies = (
			);
			name = "搜索二叉树";
			productName = "搜索二叉树";
			productReference = F48FFE5C2501D5810052ED55 /* 搜索二叉树 */;
			productType = "com.apple.product-type.tool";
		};
		F4B8FA4824FF62740015ADA3 /* 数组 */ = {
			isa = PBXNativeTarget;
			buildConfigurationList = F4B8FA4F24FF62740015ADA3 /* Build configuration list for PBXNativeTarget "数组" */;
			buildPhases = (
				F4B8FA4524FF62740015ADA3 /* Sources */,
				F4B8FA4624FF62740015ADA3 /* Frameworks */,
				F4B8FA4724FF62740015ADA3 /* CopyFiles */,
			);
			buildRules = (
			);
			dependencies = (
			);
			name = "数组";
			productName = "数组";
			productReference = F4B8FA4924FF62740015ADA3 /* 数组 */;
			productType = "com.apple.product-type.tool";
		};
		F4BC657C24F6BF610047E6EA /* 双向链表 */ = {
			isa = PBXNativeTarget;
			buildConfigurationList = F4BC658324F6BF610047E6EA /* Build configuration list for PBXNativeTarget "双向链表" */;
			buildPhases = (
				F4BC657924F6BF610047E6EA /* Sources */,
				F4BC657A24F6BF610047E6EA /* Frameworks */,
				F4BC657B24F6BF610047E6EA /* CopyFiles */,
			);
			buildRules = (
			);
			dependencies = (
			);
			name = "双向链表";
			productName = "双向链表";
			productReference = F4BC657D24F6BF610047E6EA /* 双向链表 */;
			productType = "com.apple.product-type.tool";
		};
		F4BDCD5C24FCA3220018FC08 /* 单向循环链表 */ = {
			isa = PBXNativeTarget;
			buildConfigurationList = F4BDCD6124FCA3230018FC08 /* Build configuration list for PBXNativeTarget "单向循环链表" */;
			buildPhases = (
				F4BDCD5924FCA3220018FC08 /* Sources */,
				F4BDCD5A24FCA3220018FC08 /* Frameworks */,
				F4BDCD5B24FCA3220018FC08 /* CopyFiles */,
			);
			buildRules = (
			);
			dependencies = (
			);
			name = "单向循环链表";
			productName = "单向循环链表";
			productReference = F4BDCD5D24FCA3220018FC08 /* 单向循环链表 */;
			productType = "com.apple.product-type.tool";
		};
		F4C7F2C22505D2EA00E1630A /* 二叉树 */ = {
			isa = PBXNativeTarget;
			buildConfigurationList = F4C7F2C92505D2EA00E1630A /* Build configuration list for PBXNativeTarget "二叉树" */;
			buildPhases = (
				F4C7F2BF2505D2EA00E1630A /* Sources */,
				F4C7F2C02505D2EA00E1630A /* Frameworks */,
				F4C7F2C12505D2EA00E1630A /* CopyFiles */,
			);
			buildRules = (
			);
			dependencies = (
			);
			name = "二叉树";
			productName = "二叉树";
			productReference = F4C7F2C32505D2EA00E1630A /* 二叉树 */;
			productType = "com.apple.product-type.tool";
		};
		F4CCB51324E11FF800091382 /* LinkeList */ = {
			isa = PBXNativeTarget;
			buildConfigurationList = F4CCB51A24E11FF800091382 /* Build configuration list for PBXNativeTarget "LinkeList" */;
			buildPhases = (
				F4CCB51024E11FF800091382 /* Sources */,
				F4CCB51124E11FF800091382 /* Frameworks */,
				F4CCB51224E11FF800091382 /* CopyFiles */,
			);
			buildRules = (
			);
			dependencies = (
			);
			name = LinkeList;
			productName = LinkeList;
			productReference = F4CCB51424E11FF800091382 /* LinkeList */;
			productType = "com.apple.product-type.tool";
		};
		F4EA8D4C24CFB6B400B232E9 /* 数据结构-codes-swift */ = {
			isa = PBXNativeTarget;
			buildConfigurationList = F4EA8D5424CFB6B400B232E9 /* Build configuration list for PBXNativeTarget "数据结构-codes-swift" */;
			buildPhases = (
				F4EA8D4924CFB6B400B232E9 /* Sources */,
				F4EA8D4A24CFB6B400B232E9 /* Frameworks */,
				F4EA8D4B24CFB6B400B232E9 /* CopyFiles */,
			);
			buildRules = (
			);
			dependencies = (
			);
			name = "数据结构-codes-swift";
			productName = "数据结构-codes-swift";
			productReference = F4EA8D4D24CFB6B400B232E9 /* 数据结构-codes-swift */;
			productType = "com.apple.product-type.tool";
		};
		F4EB30F024FDD4F600168088 /* 栈 */ = {
			isa = PBXNativeTarget;
			buildConfigurationList = F4EB30F724FDD4F600168088 /* Build configuration list for PBXNativeTarget "栈" */;
			buildPhases = (
				F4EB30ED24FDD4F600168088 /* Sources */,
				F4EB30EE24FDD4F600168088 /* Frameworks */,
				F4EB30EF24FDD4F600168088 /* CopyFiles */,
			);
			buildRules = (
			);
			dependencies = (
			);
			name = "栈";
			productName = "栈";
			productReference = F4EB30F124FDD4F600168088 /* 栈 */;
			productType = "com.apple.product-type.tool";
		};
/* End PBXNativeTarget section */

/* Begin PBXProject section */
		F4EA8D4524CFB6B400B232E9 /* Project object */ = {
			isa = PBXProject;
			attributes = {
				LastSwiftUpdateCheck = 1130;
				LastUpgradeCheck = 1130;
				ORGANIZATIONNAME = "周伟克";
				TargetAttributes = {
					F402028024F8EC7D007D5C93 = {
						CreatedOnToolsVersion = 11.3.1;
					};
					F41765C724CFC20F00C1F092 = {
						CreatedOnToolsVersion = 11.3.1;
					};
					F426416724FDE46A00A0C341 = {
						CreatedOnToolsVersion = 11.3.1;
					};
					F465E7CC2500834D009E75D0 = {
						CreatedOnToolsVersion = 11.3.1;
					};
					F465E7D725008389009E75D0 = {
						CreatedOnToolsVersion = 11.3.1;
					};
					F48FFE5B2501D5810052ED55 = {
						CreatedOnToolsVersion = 11.3.1;
					};
					F4B8FA4824FF62740015ADA3 = {
						CreatedOnToolsVersion = 11.3.1;
					};
					F4BC657C24F6BF610047E6EA = {
						CreatedOnToolsVersion = 11.3.1;
					};
					F4BDCD5C24FCA3220018FC08 = {
						CreatedOnToolsVersion = 11.3.1;
					};
					F4C7F2C22505D2EA00E1630A = {
						CreatedOnToolsVersion = 11.3.1;
					};
					F4CCB51324E11FF800091382 = {
						CreatedOnToolsVersion = 11.3.1;
					};
					F4EA8D4C24CFB6B400B232E9 = {
						CreatedOnToolsVersion = 11.3.1;
					};
					F4EB30F024FDD4F600168088 = {
						CreatedOnToolsVersion = 11.3.1;
					};
				};
			};
			buildConfigurationList = F4EA8D4824CFB6B400B232E9 /* Build configuration list for PBXProject "数据结构-codes-swift" */;
			compatibilityVersion = "Xcode 9.3";
			developmentRegion = en;
			hasScannedForEncodings = 0;
			knownRegions = (
				en,
				Base,
			);
			mainGroup = F4EA8D4424CFB6B400B232E9;
			productRefGroup = F4EA8D4E24CFB6B400B232E9 /* Products */;
			projectDirPath = "";
			projectRoot = "";
			targets = (
				F4EA8D4C24CFB6B400B232E9 /* 数据结构-codes-swift */,
				F41765C724CFC20F00C1F092 /* Fibonacci */,
				F4CCB51324E11FF800091382 /* LinkeList */,
				F4BC657C24F6BF610047E6EA /* 双向链表 */,
				F402028024F8EC7D007D5C93 /* 双向循环链表 */,
				F4BDCD5C24FCA3220018FC08 /* 单向循环链表 */,
				F4EB30F024FDD4F600168088 /* 栈 */,
				F426416724FDE46A00A0C341 /* 队列 */,
				F4B8FA4824FF62740015ADA3 /* 数组 */,
				F465E7CC2500834D009E75D0 /* 双向队列 */,
				F465E7D725008389009E75D0 /* 双端队列 */,
				F48FFE5B2501D5810052ED55 /* 搜索二叉树 */,
				F4C7F2C22505D2EA00E1630A /* 二叉树 */,
			);
		};
/* End PBXProject section */

/* Begin PBXSourcesBuildPhase section */
		F402027D24F8EC7D007D5C93 /* Sources */ = {
			isa = PBXSourcesBuildPhase;
			buildActionMask = 2147483647;
			files = (
				F402028B24F8ED1C007D5C93 /* LinkedList.swift in Sources */,
				F402028424F8EC7D007D5C93 /* main.swift in Sources */,
				F402028924F8ED02007D5C93 /* Node.swift in Sources */,
			);
			runOnlyForDeploymentPostprocessing = 0;
		};
		F41765C424CFC20F00C1F092 /* Sources */ = {
			isa = PBXSourcesBuildPhase;
			buildActionMask = 2147483647;
			files = (
				F41765CB24CFC20F00C1F092 /* main.swift in Sources */,
			);
			runOnlyForDeploymentPostprocessing = 0;
		};
		F426416424FDE46A00A0C341 /* Sources */ = {
			isa = PBXSourcesBuildPhase;
			buildActionMask = 2147483647;
			files = (
				F426417224FDE5F000A0C341 /* Node.swift in Sources */,
				F426416B24FDE46A00A0C341 /* main.swift in Sources */,
				F4B8FA5524FF972E0015ADA3 /* LinkedList.swift in Sources */,
				F426417024FDE47D00A0C341 /* Queue.swift in Sources */,
			);
			runOnlyForDeploymentPostprocessing = 0;
		};
		F465E7C92500834D009E75D0 /* Sources */ = {
			isa = PBXSourcesBuildPhase;
			buildActionMask = 2147483647;
			files = (
			);
			runOnlyForDeploymentPostprocessing = 0;
		};
		F465E7D425008389009E75D0 /* Sources */ = {
			isa = PBXSourcesBuildPhase;
			buildActionMask = 2147483647;
			files = (
				F465E7E3250083E1009E75D0 /* LinkedList.swift in Sources */,
				F465E7DB25008389009E75D0 /* main.swift in Sources */,
				F465E7E2250083E1009E75D0 /* Node.swift in Sources */,
				F465E7E4250083E1009E75D0 /* Queue.swift in Sources */,
			);
			runOnlyForDeploymentPostprocessing = 0;
		};
		F48FFE582501D5810052ED55 /* Sources */ = {
			isa = PBXSourcesBuildPhase;
			buildActionMask = 2147483647;
			files = (
				F48FFE5F2501D5810052ED55 /* main.swift in Sources */,
				F48FFE642501D64D0052ED55 /* Node.swift in Sources */,
			);
			runOnlyForDeploymentPostprocessing = 0;
		};
		F4B8FA4524FF62740015ADA3 /* Sources */ = {
			isa = PBXSourcesBuildPhase;
			buildActionMask = 2147483647;
			files = (
				F4B8FA4C24FF62740015ADA3 /* main.swift in Sources */,
				F4B8FA5324FF79AC0015ADA3 /* CustomArray.swift in Sources */,
			);
			runOnlyForDeploymentPostprocessing = 0;
		};
		F4BC657924F6BF610047E6EA /* Sources */ = {
			isa = PBXSourcesBuildPhase;
			buildActionMask = 2147483647;
			files = (
				F47A384724F7A9F40086D350 /* LinkedList.swift in Sources */,
				F4BC658024F6BF610047E6EA /* main.swift in Sources */,
				F47A384524F7A97E0086D350 /* Node.swift in Sources */,
			);
			runOnlyForDeploymentPostprocessing = 0;
		};
		F4BDCD5924FCA3220018FC08 /* Sources */ = {
			isa = PBXSourcesBuildPhase;
			buildActionMask = 2147483647;
			files = (
				F4BDCD6524FCA33B0018FC08 /* Node.swift in Sources */,
				F4BDCD6424FCA33B0018FC08 /* LinkedList.swift in Sources */,
				F4BDCD6024FCA3230018FC08 /* main.swift in Sources */,
			);
			runOnlyForDeploymentPostprocessing = 0;
		};
		F4C7F2BF2505D2EA00E1630A /* Sources */ = {
			isa = PBXSourcesBuildPhase;
			buildActionMask = 2147483647;
			files = (
				F486A6692507790B00C5480C /* Stack.swift in Sources */,
				F4C7F2C62505D2EA00E1630A /* main.swift in Sources */,
				F4C7F2CB2505D39E00E1630A /* Node.swift in Sources */,
				F486A66125072EB000C5480C /* BiTree.swift in Sources */,
			);
			runOnlyForDeploymentPostprocessing = 0;
		};
		F4CCB51024E11FF800091382 /* Sources */ = {
			isa = PBXSourcesBuildPhase;
			buildActionMask = 2147483647;
			files = (
				F4CCB51E24E120D000091382 /* LinkedList.swift in Sources */,
				F4CCB51724E11FF800091382 /* main.swift in Sources */,
				F4CCB51C24E1200C00091382 /* Node.swift in Sources */,
			);
			runOnlyForDeploymentPostprocessing = 0;
		};
		F4EA8D4924CFB6B400B232E9 /* Sources */ = {
			isa = PBXSourcesBuildPhase;
			buildActionMask = 2147483647;
			files = (
				F4EA8D5124CFB6B400B232E9 /* main.swift in Sources */,
			);
			runOnlyForDeploymentPostprocessing = 0;
		};
		F4EB30ED24FDD4F600168088 /* Sources */ = {
			isa = PBXSourcesBuildPhase;
			buildActionMask = 2147483647;
			files = (
				F4EB30F424FDD4F600168088 /* main.swift in Sources */,
				F4EB30F924FDD50600168088 /* Stack.swift in Sources */,
			);
			runOnlyForDeploymentPostprocessing = 0;
		};
/* End PBXSourcesBuildPhase section */

/* Begin XCBuildConfiguration section */
		F402028624F8EC7D007D5C93 /* Debug */ = {
			isa = XCBuildConfiguration;
			buildSettings = {
				CODE_SIGN_STYLE = Automatic;
				PRODUCT_NAME = "$(TARGET_NAME)";
				SWIFT_VERSION = 5.0;
			};
			name = Debug;
		};
		F402028724F8EC7D007D5C93 /* Release */ = {
			isa = XCBuildConfiguration;
			buildSettings = {
				CODE_SIGN_STYLE = Automatic;
				PRODUCT_NAME = "$(TARGET_NAME)";
				SWIFT_VERSION = 5.0;
			};
			name = Release;
		};
		F41765CC24CFC20F00C1F092 /* Debug */ = {
			isa = XCBuildConfiguration;
			buildSettings = {
				CODE_SIGN_STYLE = Automatic;
				PRODUCT_NAME = "$(TARGET_NAME)";
				SWIFT_VERSION = 5.0;
			};
			name = Debug;
		};
		F41765CD24CFC20F00C1F092 /* Release */ = {
			isa = XCBuildConfiguration;
			buildSettings = {
				CODE_SIGN_STYLE = Automatic;
				PRODUCT_NAME = "$(TARGET_NAME)";
				SWIFT_VERSION = 5.0;
			};
			name = Release;
		};
		F426416C24FDE46A00A0C341 /* Debug */ = {
			isa = XCBuildConfiguration;
			buildSettings = {
				CODE_SIGN_STYLE = Automatic;
				PRODUCT_NAME = "$(TARGET_NAME)";
				SWIFT_VERSION = 5.0;
			};
			name = Debug;
		};
		F426416D24FDE46A00A0C341 /* Release */ = {
			isa = XCBuildConfiguration;
			buildSettings = {
				CODE_SIGN_STYLE = Automatic;
				PRODUCT_NAME = "$(TARGET_NAME)";
				SWIFT_VERSION = 5.0;
			};
			name = Release;
		};
		F465E7D12500834E009E75D0 /* Debug */ = {
			isa = XCBuildConfiguration;
			buildSettings = {
				CODE_SIGN_STYLE = Automatic;
				PRODUCT_NAME = "$(TARGET_NAME)";
				SWIFT_VERSION = 5.0;
			};
			name = Debug;
		};
		F465E7D22500834E009E75D0 /* Release */ = {
			isa = XCBuildConfiguration;
			buildSettings = {
				CODE_SIGN_STYLE = Automatic;
				PRODUCT_NAME = "$(TARGET_NAME)";
				SWIFT_VERSION = 5.0;
			};
			name = Release;
		};
		F465E7DD25008389009E75D0 /* Debug */ = {
			isa = XCBuildConfiguration;
			buildSettings = {
				CODE_SIGN_STYLE = Automatic;
				PRODUCT_NAME = "$(TARGET_NAME)";
				SWIFT_VERSION = 5.0;
			};
			name = Debug;
		};
		F465E7DE25008389009E75D0 /* Release */ = {
			isa = XCBuildConfiguration;
			buildSettings = {
				CODE_SIGN_STYLE = Automatic;
				PRODUCT_NAME = "$(TARGET_NAME)";
				SWIFT_VERSION = 5.0;
			};
			name = Release;
		};
		F48FFE602501D5810052ED55 /* Debug */ = {
			isa = XCBuildConfiguration;
			buildSettings = {
				CODE_SIGN_STYLE = Automatic;
				PRODUCT_NAME = "$(TARGET_NAME)";
				SWIFT_VERSION = 5.0;
			};
			name = Debug;
		};
		F48FFE612501D5810052ED55 /* Release */ = {
			isa = XCBuildConfiguration;
			buildSettings = {
				CODE_SIGN_STYLE = Automatic;
				PRODUCT_NAME = "$(TARGET_NAME)";
				SWIFT_VERSION = 5.0;
			};
			name = Release;
		};
		F4B8FA4D24FF62740015ADA3 /* Debug */ = {
			isa = XCBuildConfiguration;
			buildSettings = {
				CODE_SIGN_STYLE = Automatic;
				PRODUCT_NAME = "$(TARGET_NAME)";
				SWIFT_VERSION = 5.0;
			};
			name = Debug;
		};
		F4B8FA4E24FF62740015ADA3 /* Release */ = {
			isa = XCBuildConfiguration;
			buildSettings = {
				CODE_SIGN_STYLE = Automatic;
				PRODUCT_NAME = "$(TARGET_NAME)";
				SWIFT_VERSION = 5.0;
			};
			name = Release;
		};
		F4BC658124F6BF610047E6EA /* Debug */ = {
			isa = XCBuildConfiguration;
			buildSettings = {
				CODE_SIGN_STYLE = Automatic;
				PRODUCT_NAME = "$(TARGET_NAME)";
				SWIFT_VERSION = 5.0;
			};
			name = Debug;
		};
		F4BC658224F6BF610047E6EA /* Release */ = {
			isa = XCBuildConfiguration;
			buildSettings = {
				CODE_SIGN_STYLE = Automatic;
				PRODUCT_NAME = "$(TARGET_NAME)";
				SWIFT_VERSION = 5.0;
			};
			name = Release;
		};
		F4BDCD6224FCA3230018FC08 /* Debug */ = {
			isa = XCBuildConfiguration;
			buildSettings = {
				CODE_SIGN_STYLE = Automatic;
				PRODUCT_NAME = "$(TARGET_NAME)";
				SWIFT_VERSION = 5.0;
			};
			name = Debug;
		};
		F4BDCD6324FCA3230018FC08 /* Release */ = {
			isa = XCBuildConfiguration;
			buildSettings = {
				CODE_SIGN_STYLE = Automatic;
				PRODUCT_NAME = "$(TARGET_NAME)";
				SWIFT_VERSION = 5.0;
			};
			name = Release;
		};
		F4C7F2C72505D2EA00E1630A /* Debug */ = {
			isa = XCBuildConfiguration;
			buildSettings = {
				CODE_SIGN_STYLE = Automatic;
				PRODUCT_NAME = "$(TARGET_NAME)";
				SWIFT_VERSION = 5.0;
			};
			name = Debug;
		};
		F4C7F2C82505D2EA00E1630A /* Release */ = {
			isa = XCBuildConfiguration;
			buildSettings = {
				CODE_SIGN_STYLE = Automatic;
				PRODUCT_NAME = "$(TARGET_NAME)";
				SWIFT_VERSION = 5.0;
			};
			name = Release;
		};
		F4CCB51824E11FF800091382 /* Debug */ = {
			isa = XCBuildConfiguration;
			buildSettings = {
				CODE_SIGN_STYLE = Automatic;
				PRODUCT_NAME = "$(TARGET_NAME)";
				SWIFT_VERSION = 5.0;
			};
			name = Debug;
		};
		F4CCB51924E11FF800091382 /* Release */ = {
			isa = XCBuildConfiguration;
			buildSettings = {
				CODE_SIGN_STYLE = Automatic;
				PRODUCT_NAME = "$(TARGET_NAME)";
				SWIFT_VERSION = 5.0;
			};
			name = Release;
		};
		F4EA8D5224CFB6B400B232E9 /* Debug */ = {
			isa = XCBuildConfiguration;
			buildSettings = {
				ALWAYS_SEARCH_USER_PATHS = NO;
				CLANG_ANALYZER_NONNULL = YES;
				CLANG_ANALYZER_NUMBER_OBJECT_CONVERSION = YES_AGGRESSIVE;
				CLANG_CXX_LANGUAGE_STANDARD = "gnu++14";
				CLANG_CXX_LIBRARY = "libc++";
				CLANG_ENABLE_MODULES = YES;
				CLANG_ENABLE_OBJC_ARC = YES;
				CLANG_ENABLE_OBJC_WEAK = YES;
				CLANG_WARN_BLOCK_CAPTURE_AUTORELEASING = YES;
				CLANG_WARN_BOOL_CONVERSION = YES;
				CLANG_WARN_COMMA = YES;
				CLANG_WARN_CONSTANT_CONVERSION = YES;
				CLANG_WARN_DEPRECATED_OBJC_IMPLEMENTATIONS = YES;
				CLANG_WARN_DIRECT_OBJC_ISA_USAGE = YES_ERROR;
				CLANG_WARN_DOCUMENTATION_COMMENTS = YES;
				CLANG_WARN_EMPTY_BODY = YES;
				CLANG_WARN_ENUM_CONVERSION = YES;
				CLANG_WARN_INFINITE_RECURSION = YES;
				CLANG_WARN_INT_CONVERSION = YES;
				CLANG_WARN_NON_LITERAL_NULL_CONVERSION = YES;
				CLANG_WARN_OBJC_IMPLICIT_RETAIN_SELF = YES;
				CLANG_WARN_OBJC_LITERAL_CONVERSION = YES;
				CLANG_WARN_OBJC_ROOT_CLASS = YES_ERROR;
				CLANG_WARN_RANGE_LOOP_ANALYSIS = YES;
				CLANG_WARN_STRICT_PROTOTYPES = YES;
				CLANG_WARN_SUSPICIOUS_MOVE = YES;
				CLANG_WARN_UNGUARDED_AVAILABILITY = YES_AGGRESSIVE;
				CLANG_WARN_UNREACHABLE_CODE = YES;
				CLANG_WARN__DUPLICATE_METHOD_MATCH = YES;
				COPY_PHASE_STRIP = NO;
				DEBUG_INFORMATION_FORMAT = dwarf;
				ENABLE_STRICT_OBJC_MSGSEND = YES;
				ENABLE_TESTABILITY = YES;
				GCC_C_LANGUAGE_STANDARD = gnu11;
				GCC_DYNAMIC_NO_PIC = NO;
				GCC_NO_COMMON_BLOCKS = YES;
				GCC_OPTIMIZATION_LEVEL = 0;
				GCC_PREPROCESSOR_DEFINITIONS = (
					"DEBUG=1",
					"$(inherited)",
				);
				GCC_WARN_64_TO_32_BIT_CONVERSION = YES;
				GCC_WARN_ABOUT_RETURN_TYPE = YES_ERROR;
				GCC_WARN_UNDECLARED_SELECTOR = YES;
				GCC_WARN_UNINITIALIZED_AUTOS = YES_AGGRESSIVE;
				GCC_WARN_UNUSED_FUNCTION = YES;
				GCC_WARN_UNUSED_VARIABLE = YES;
				MACOSX_DEPLOYMENT_TARGET = 10.15;
				MTL_ENABLE_DEBUG_INFO = INCLUDE_SOURCE;
				MTL_FAST_MATH = YES;
				ONLY_ACTIVE_ARCH = YES;
				SDKROOT = macosx;
				SWIFT_ACTIVE_COMPILATION_CONDITIONS = DEBUG;
				SWIFT_OPTIMIZATION_LEVEL = "-Onone";
			};
			name = Debug;
		};
		F4EA8D5324CFB6B400B232E9 /* Release */ = {
			isa = XCBuildConfiguration;
			buildSettings = {
				ALWAYS_SEARCH_USER_PATHS = NO;
				CLANG_ANALYZER_NONNULL = YES;
				CLANG_ANALYZER_NUMBER_OBJECT_CONVERSION = YES_AGGRESSIVE;
				CLANG_CXX_LANGUAGE_STANDARD = "gnu++14";
				CLANG_CXX_LIBRARY = "libc++";
				CLANG_ENABLE_MODULES = YES;
				CLANG_ENABLE_OBJC_ARC = YES;
				CLANG_ENABLE_OBJC_WEAK = YES;
				CLANG_WARN_BLOCK_CAPTURE_AUTORELEASING = YES;
				CLANG_WARN_BOOL_CONVERSION = YES;
				CLANG_WARN_COMMA = YES;
				CLANG_WARN_CONSTANT_CONVERSION = YES;
				CLANG_WARN_DEPRECATED_OBJC_IMPLEMENTATIONS = YES;
				CLANG_WARN_DIRECT_OBJC_ISA_USAGE = YES_ERROR;
				CLANG_WARN_DOCUMENTATION_COMMENTS = YES;
				CLANG_WARN_EMPTY_BODY = YES;
				CLANG_WARN_ENUM_CONVERSION = YES;
				CLANG_WARN_INFINITE_RECURSION = YES;
				CLANG_WARN_INT_CONVERSION = YES;
				CLANG_WARN_NON_LITERAL_NULL_CONVERSION = YES;
				CLANG_WARN_OBJC_IMPLICIT_RETAIN_SELF = YES;
				CLANG_WARN_OBJC_LITERAL_CONVERSION = YES;
				CLANG_WARN_OBJC_ROOT_CLASS = YES_ERROR;
				CLANG_WARN_RANGE_LOOP_ANALYSIS = YES;
				CLANG_WARN_STRICT_PROTOTYPES = YES;
				CLANG_WARN_SUSPICIOUS_MOVE = YES;
				CLANG_WARN_UNGUARDED_AVAILABILITY = YES_AGGRESSIVE;
				CLANG_WARN_UNREACHABLE_CODE = YES;
				CLANG_WARN__DUPLICATE_METHOD_MATCH = YES;
				COPY_PHASE_STRIP = NO;
				DEBUG_INFORMATION_FORMAT = "dwarf-with-dsym";
				ENABLE_NS_ASSERTIONS = NO;
				ENABLE_STRICT_OBJC_MSGSEND = YES;
				GCC_C_LANGUAGE_STANDARD = gnu11;
				GCC_NO_COMMON_BLOCKS = YES;
				GCC_WARN_64_TO_32_BIT_CONVERSION = YES;
				GCC_WARN_ABOUT_RETURN_TYPE = YES_ERROR;
				GCC_WARN_UNDECLARED_SELECTOR = YES;
				GCC_WARN_UNINITIALIZED_AUTOS = YES_AGGRESSIVE;
				GCC_WARN_UNUSED_FUNCTION = YES;
				GCC_WARN_UNUSED_VARIABLE = YES;
				MACOSX_DEPLOYMENT_TARGET = 10.15;
				MTL_ENABLE_DEBUG_INFO = NO;
				MTL_FAST_MATH = YES;
				SDKROOT = macosx;
				SWIFT_COMPILATION_MODE = wholemodule;
				SWIFT_OPTIMIZATION_LEVEL = "-O";
			};
			name = Release;
		};
		F4EA8D5524CFB6B400B232E9 /* Debug */ = {
			isa = XCBuildConfiguration;
			buildSettings = {
				CODE_SIGN_STYLE = Automatic;
				PRODUCT_NAME = "$(TARGET_NAME)";
				SWIFT_VERSION = 5.0;
			};
			name = Debug;
		};
		F4EA8D5624CFB6B400B232E9 /* Release */ = {
			isa = XCBuildConfiguration;
			buildSettings = {
				CODE_SIGN_STYLE = Automatic;
				PRODUCT_NAME = "$(TARGET_NAME)";
				SWIFT_VERSION = 5.0;
			};
			name = Release;
		};
		F4EB30F524FDD4F600168088 /* Debug */ = {
			isa = XCBuildConfiguration;
			buildSettings = {
				CODE_SIGN_STYLE = Automatic;
				PRODUCT_NAME = "$(TARGET_NAME)";
				SWIFT_VERSION = 5.0;
			};
			name = Debug;
		};
		F4EB30F624FDD4F600168088 /* Release */ = {
			isa = XCBuildConfiguration;
			buildSettings = {
				CODE_SIGN_STYLE = Automatic;
				PRODUCT_NAME = "$(TARGET_NAME)";
				SWIFT_VERSION = 5.0;
			};
			name = Release;
		};
/* End XCBuildConfiguration section */

/* Begin XCConfigurationList section */
		F402028524F8EC7D007D5C93 /* Build configuration list for PBXNativeTarget "双向循环链表" */ = {
			isa = XCConfigurationList;
			buildConfigurations = (
				F402028624F8EC7D007D5C93 /* Debug */,
				F402028724F8EC7D007D5C93 /* Release */,
			);
			defaultConfigurationIsVisible = 0;
			defaultConfigurationName = Release;
		};
		F41765CE24CFC20F00C1F092 /* Build configuration list for PBXNativeTarget "Fibonacci" */ = {
			isa = XCConfigurationList;
			buildConfigurations = (
				F41765CC24CFC20F00C1F092 /* Debug */,
				F41765CD24CFC20F00C1F092 /* Release */,
			);
			defaultConfigurationIsVisible = 0;
			defaultConfigurationName = Release;
		};
		F426416E24FDE46A00A0C341 /* Build configuration list for PBXNativeTarget "队列" */ = {
			isa = XCConfigurationList;
			buildConfigurations = (
				F426416C24FDE46A00A0C341 /* Debug */,
				F426416D24FDE46A00A0C341 /* Release */,
			);
			defaultConfigurationIsVisible = 0;
			defaultConfigurationName = Release;
		};
		F465E7D32500834E009E75D0 /* Build configuration list for PBXNativeTarget "双向队列" */ = {
			isa = XCConfigurationList;
			buildConfigurations = (
				F465E7D12500834E009E75D0 /* Debug */,
				F465E7D22500834E009E75D0 /* Release */,
			);
			defaultConfigurationIsVisible = 0;
			defaultConfigurationName = Release;
		};
		F465E7DC25008389009E75D0 /* Build configuration list for PBXNativeTarget "双端队列" */ = {
			isa = XCConfigurationList;
			buildConfigurations = (
				F465E7DD25008389009E75D0 /* Debug */,
				F465E7DE25008389009E75D0 /* Release */,
			);
			defaultConfigurationIsVisible = 0;
			defaultConfigurationName = Release;
		};
		F48FFE622501D5810052ED55 /* Build configuration list for PBXNativeTarget "搜索二叉树" */ = {
			isa = XCConfigurationList;
			buildConfigurations = (
				F48FFE602501D5810052ED55 /* Debug */,
				F48FFE612501D5810052ED55 /* Release */,
			);
			defaultConfigurationIsVisible = 0;
			defaultConfigurationName = Release;
		};
		F4B8FA4F24FF62740015ADA3 /* Build configuration list for PBXNativeTarget "数组" */ = {
			isa = XCConfigurationList;
			buildConfigurations = (
				F4B8FA4D24FF62740015ADA3 /* Debug */,
				F4B8FA4E24FF62740015ADA3 /* Release */,
			);
			defaultConfigurationIsVisible = 0;
			defaultConfigurationName = Release;
		};
		F4BC658324F6BF610047E6EA /* Build configuration list for PBXNativeTarget "双向链表" */ = {
			isa = XCConfigurationList;
			buildConfigurations = (
				F4BC658124F6BF610047E6EA /* Debug */,
				F4BC658224F6BF610047E6EA /* Release */,
			);
			defaultConfigurationIsVisible = 0;
			defaultConfigurationName = Release;
		};
		F4BDCD6124FCA3230018FC08 /* Build configuration list for PBXNativeTarget "单向循环链表" */ = {
			isa = XCConfigurationList;
			buildConfigurations = (
				F4BDCD6224FCA3230018FC08 /* Debug */,
				F4BDCD6324FCA3230018FC08 /* Release */,
			);
			defaultConfigurationIsVisible = 0;
			defaultConfigurationName = Release;
		};
		F4C7F2C92505D2EA00E1630A /* Build configuration list for PBXNativeTarget "二叉树" */ = {
			isa = XCConfigurationList;
			buildConfigurations = (
				F4C7F2C72505D2EA00E1630A /* Debug */,
				F4C7F2C82505D2EA00E1630A /* Release */,
			);
			defaultConfigurationIsVisible = 0;
			defaultConfigurationName = Release;
		};
		F4CCB51A24E11FF800091382 /* Build configuration list for PBXNativeTarget "LinkeList" */ = {
			isa = XCConfigurationList;
			buildConfigurations = (
				F4CCB51824E11FF800091382 /* Debug */,
				F4CCB51924E11FF800091382 /* Release */,
			);
			defaultConfigurationIsVisible = 0;
			defaultConfigurationName = Release;
		};
		F4EA8D4824CFB6B400B232E9 /* Build configuration list for PBXProject "数据结构-codes-swift" */ = {
			isa = XCConfigurationList;
			buildConfigurations = (
				F4EA8D5224CFB6B400B232E9 /* Debug */,
				F4EA8D5324CFB6B400B232E9 /* Release */,
			);
			defaultConfigurationIsVisible = 0;
			defaultConfigurationName = Release;
		};
		F4EA8D5424CFB6B400B232E9 /* Build configuration list for PBXNativeTarget "数据结构-codes-swift" */ = {
			isa = XCConfigurationList;
			buildConfigurations = (
				F4EA8D5524CFB6B400B232E9 /* Debug */,
				F4EA8D5624CFB6B400B232E9 /* Release */,
			);
			defaultConfigurationIsVisible = 0;
			defaultConfigurationName = Release;
		};
		F4EB30F724FDD4F600168088 /* Build configuration list for PBXNativeTarget "栈" */ = {
			isa = XCConfigurationList;
			buildConfigurations = (
				F4EB30F524FDD4F600168088 /* Debug */,
				F4EB30F624FDD4F600168088 /* Release */,
			);
			defaultConfigurationIsVisible = 0;
			defaultConfigurationName = Release;
		};
/* End XCConfigurationList section */
	};
	rootObject = F4EA8D4524CFB6B400B232E9 /* Project object */;
}
